
Microsoft Visual Studio Solution File, Format Version 12.00
Project("{FAE04EC0-301F-11D3-BF4B-00C04F79EFBC}") = "OOPExamples", "OOPExamples.csproj", "{012EE2C4-7DBC-4814-8052-00AA81C36500}"
EndProject
Global
	GlobalSection(SolutionConfigurationPlatforms) = preSolution
		Debug|Any CPU = Debug|Any CPU
		Release|Any CPU = Release|Any CPU
	EndGlobalSection
	GlobalSection(ProjectConfigurationPlatforms) = postSolution
		{012EE2C4-7DBC-4814-8052-00AA81C36500}.Debug|Any CPU.ActiveCfg = Debug|Any CPU
		{012EE2C4-7DBC-4814-8052-00AA81C36500}.Debug|Any CPU.Build.0 = Debug|Any CPU
		{012EE2C4-7DBC-4814-8052-00AA81C36500}.Release|Any CPU.ActiveCfg = Release|Any CPU
		{012EE2C4-7DBC-4814-8052-00AA81C36500}.Release|Any CPU.Build.0 = Release|Any CPU
	EndGlobalSection
EndGlobal
